
Microsoft Visual Studio Solution File, Format Version 12.00
# Visual Studio Version 17
VisualStudioVersion = 17.8.34112.27
MinimumVisualStudioVersion = 10.0.40219.1
Project("{9A19103F-16F7-4668-BE54-9A1E7A4F7556}") = "Calculator.Services", "Calculator.Services\Calculator.Services.csproj", "{32F4B23D-2C51-441D-B22F-75BA0B54903D}"
EndProject
Project("{9A19103F-16F7-4668-BE54-9A1E7A4F7556}") = "CalculatorTest.Web", "CalculatorTest.Web\CalculatorTest.Web.csproj", "{3F6A92C6-A5E9-4DFB-8719-4E6811C13A01}"
EndProject
Project("{FAE04EC0-301F-11D3-BF4B-00C04F79EFBC}") = "Calculator.ServicesTests", "Calculator.ServicesTests\Calculator.ServicesTests.csproj", "{74AB4105-8187-45FC-A048-39AECD4A6477}"
EndProject
Global
	GlobalSection(SolutionConfigurationPlatforms) = preSolution
		Debug|Any CPU = Debug|Any CPU
		Release|Any CPU = Release|Any CPU
	EndGlobalSection
	GlobalSection(ProjectConfigurationPlatforms) = postSolution
		{32F4B23D-2C51-441D-B22F-75BA0B54903D}.Debug|Any CPU.ActiveCfg = Debug|Any CPU
		{32F4B23D-2C51-441D-B22F-75BA0B54903D}.Debug|Any CPU.Build.0 = Debug|Any CPU
		{32F4B23D-2C51-441D-B22F-75BA0B54903D}.Release|Any CPU.ActiveCfg = Release|Any CPU
		{32F4B23D-2C51-441D-B22F-75BA0B54903D}.Release|Any CPU.Build.0 = Release|Any CPU
		{3F6A92C6-A5E9-4DFB-8719-4E6811C13A01}.Debug|Any CPU.ActiveCfg = Debug|Any CPU
		{3F6A92C6-A5E9-4DFB-8719-4E6811C13A01}.Debug|Any CPU.Build.0 = Debug|Any CPU
		{3F6A92C6-A5E9-4DFB-8719-4E6811C13A01}.Release|Any CPU.ActiveCfg = Release|Any CPU
		{3F6A92C6-A5E9-4DFB-8719-4E6811C13A01}.Release|Any CPU.Build.0 = Release|Any CPU
		{74AB4105-8187-45FC-A048-39AECD4A6477}.Debug|Any CPU.ActiveCfg = Debug|Any CPU
		{74AB4105-8187-45FC-A048-39AECD4A6477}.Debug|Any CPU.Build.0 = Debug|Any CPU
		{74AB4105-8187-45FC-A048-39AECD4A6477}.Release|Any CPU.ActiveCfg = Release|Any CPU
		{74AB4105-8187-45FC-A048-39AECD4A6477}.Release|Any CPU.Build.0 = Release|Any CPU
	EndGlobalSection
	GlobalSection(SolutionProperties) = preSolution
		HideSolutionNode = FALSE
	EndGlobalSection
	GlobalSection(ExtensibilityGlobals) = postSolution
		SolutionGuid = {F942B8ED-C981-49C5-B0DD-E015001269BB}
	EndGlobalSection
EndGlobal
